{
  "requires": true,
  "lockfileVersion": 1,
  "dependencies": {
    "vant-weapp": {
      "version": "0.4.4",
      "resolved": "https://registry.npmjs.org/vant-weapp/-/vant-weapp-0.4.4.tgz",
      "integrity": "sha512-WBpjnoY7Xfd0KsGo+rHx04MbE3M3EmoUYDBiOFLGURVJ399UB43bNTfbLIPXNVdqTp2b8R6IMZXwsWMUEPObbw=="
    }
  }
}
